// !$*UTF8*$!
{
	archiveVersion = 1;
	classes = {
	};
	objectVersion = 50;
	objects = {

/* Begin PBXBuildFile section */
		42388F25270FCC02000997A8 /* CoreDataProjectApp.swift in Sources */ = {isa = PBXBuildFile; fileRef = 42388F24270FCC02000997A8 /* CoreDataProjectApp.swift */; };
		42388F27270FCC02000997A8 /* ContentView.swift in Sources */ = {isa = PBXBuildFile; fileRef = 42388F26270FCC02000997A8 /* ContentView.swift */; };
		42388F29270FCC0A000997A8 /* Assets.xcassets in Resources */ = {isa = PBXBuildFile; fileRef = 42388F28270FCC0A000997A8 /* Assets.xcassets */; };
		42388F2C270FCC0A000997A8 /* Preview Assets.xcassets in Resources */ = {isa = PBXBuildFile; fileRef = 42388F2B270FCC0A000997A8 /* Preview Assets.xcassets */; };
		42388F2E270FCC0A000997A8 /* Persistence.swift in Sources */ = {isa = PBXBuildFile; fileRef = 42388F2D270FCC0A000997A8 /* Persistence.swift */; };
		42388F31270FCC0A000997A8 /* CoreDataProject.xcdatamodeld in Sources */ = {isa = PBXBuildFile; fileRef = 42388F2F270FCC0A000997A8 /* CoreDataProject.xcdatamodeld */; };
		42388F3B270FCFE2000997A8 /* Movie+CoreDataClass.swift in Sources */ = {isa = PBXBuildFile; fileRef = 42388F39270FCFE2000997A8 /* Movie+CoreDataClass.swift */; };
		42388F3C270FCFE2000997A8 /* Movie+CoreDataProperties.swift in Sources */ = {isa = PBXBuildFile; fileRef = 42388F3A270FCFE2000997A8 /* Movie+CoreDataProperties.swift */; };
		42388F44271674AD000997A8 /* Singer+CoreDataClass.swift in Sources */ = {isa = PBXBuildFile; fileRef = 42388F42271674AD000997A8 /* Singer+CoreDataClass.swift */; };
		42388F45271674AD000997A8 /* Singer+CoreDataProperties.swift in Sources */ = {isa = PBXBuildFile; fileRef = 42388F43271674AD000997A8 /* Singer+CoreDataProperties.swift */; };
		42388F48271675BD000997A8 /* FilteredListView.swift in Sources */ = {isa = PBXBuildFile; fileRef = 42388F47271675BD000997A8 /* FilteredListView.swift */; };
		42388F4F27167EE5000997A8 /* Candy+CoreDataClass.swift in Sources */ = {isa = PBXBuildFile; fileRef = 42388F4B27167EE5000997A8 /* Candy+CoreDataClass.swift */; };
		42388F5027167EE5000997A8 /* Candy+CoreDataProperties.swift in Sources */ = {isa = PBXBuildFile; fileRef = 42388F4C27167EE5000997A8 /* Candy+CoreDataProperties.swift */; };
		42388F5127167EE5000997A8 /* Country+CoreDataClass.swift in Sources */ = {isa = PBXBuildFile; fileRef = 42388F4D27167EE5000997A8 /* Country+CoreDataClass.swift */; };
		42388F5227167EE5000997A8 /* Country+CoreDataProperties.swift in Sources */ = {isa = PBXBuildFile; fileRef = 42388F4E27167EE5000997A8 /* Country+CoreDataProperties.swift */; };
/* End PBXBuildFile section */

/* Begin PBXFileReference section */
		42388F21270FCC02000997A8 /* CoreDataProject.app */ = {isa = PBXFileReference; explicitFileType = wrapper.application; includeInIndex = 0; path = CoreDataProject.app; sourceTree = BUILT_PRODUCTS_DIR; };
		42388F24270FCC02000997A8 /* CoreDataProjectApp.swift */ = {isa = PBXFileReference; lastKnownFileType = sourcecode.swift; path = CoreDataProjectApp.swift; sourceTree = "<group>"; };
		42388F26270FCC02000997A8 /* ContentView.swift */ = {isa = PBXFileReference; lastKnownFileType = sourcecode.swift; path = ContentView.swift; sourceTree = "<group>"; };
		42388F28270FCC0A000997A8 /* Assets.xcassets */ = {isa = PBXFileReference; lastKnownFileType = folder.assetcatalog; path = Assets.xcassets; sourceTree = "<group>"; };
		42388F2B270FCC0A000997A8 /* Preview Assets.xcassets */ = {isa = PBXFileReference; lastKnownFileType = folder.assetcatalog; path = "Preview Assets.xcassets"; sourceTree = "<group>"; };
		42388F2D270FCC0A000997A8 /* Persistence.swift */ = {isa = PBXFileReference; lastKnownFileType = sourcecode.swift; path = Persistence.swift; sourceTree = "<group>"; };
		42388F30270FCC0A000997A8 /* CoreDataProject.xcdatamodel */ = {isa = PBXFileReference; lastKnownFileType = wrapper.xcdatamodel; path = CoreDataProject.xcdatamodel; sourceTree = "<group>"; };
		42388F32270FCC0A000997A8 /* Info.plist */ = {isa = PBXFileReference; lastKnownFileType = text.plist.xml; path = Info.plist; sourceTree = "<group>"; };
		42388F39270FCFE2000997A8 /* Movie+CoreDataClass.swift */ = {isa = PBXFileReference; lastKnownFileType = sourcecode.swift; path = "Movie+CoreDataClass.swift"; sourceTree = "<group>"; };
		42388F3A270FCFE2000997A8 /* Movie+CoreDataProperties.swift */ = {isa = PBXFileReference; lastKnownFileType = sourcecode.swift; path = "Movie+CoreDataProperties.swift"; sourceTree = "<group>"; };
		42388F42271674AD000997A8 /* Singer+CoreDataClass.swift */ = {isa = PBXFileReference; lastKnownFileType = sourcecode.swift; path = "Singer+CoreDataClass.swift"; sourceTree = "<group>"; };
		42388F43271674AD000997A8 /* Singer+CoreDataProperties.swift */ = {isa = PBXFileReference; lastKnownFileType = sourcecode.swift; path = "Singer+CoreDataProperties.swift"; sourceTree = "<group>"; };
		42388F47271675BD000997A8 /* FilteredListView.swift */ = {isa = PBXFileReference; lastKnownFileType = sourcecode.swift; path = FilteredListView.swift; sourceTree = "<group>"; };
		42388F4B27167EE5000997A8 /* Candy+CoreDataClass.swift */ = {isa = PBXFileReference; lastKnownFileType = sourcecode.swift; path = "Candy+CoreDataClass.swift"; sourceTree = "<group>"; };
		42388F4C27167EE5000997A8 /* Candy+CoreDataProperties.swift */ = {isa = PBXFileReference; lastKnownFileType = sourcecode.swift; path = "Candy+CoreDataProperties.swift"; sourceTree = "<group>"; };
		42388F4D27167EE5000997A8 /* Country+CoreDataClass.swift */ = {isa = PBXFileReference; lastKnownFileType = sourcecode.swift; path = "Country+CoreDataClass.swift"; sourceTree = "<group>"; };
		42388F4E27167EE5000997A8 /* Country+CoreDataProperties.swift */ = {isa = PBXFileReference; lastKnownFileType = sourcecode.swift; path = "Country+CoreDataProperties.swift"; sourceTree = "<group>"; };
/* End PBXFileReference section */

/* Begin PBXFrameworksBuildPhase section */
		42388F1E270FCC02000997A8 /* Frameworks */ = {
			isa = PBXFrameworksBuildPhase;
			buildActionMask = 2147483647;
			files = (
			);
			runOnlyForDeploymentPostprocessing = 0;
		};
/* End PBXFrameworksBuildPhase section */

/* Begin PBXGroup section */
		42388F18270FCC02000997A8 = {
			isa = PBXGroup;
			children = (
				42388F23270FCC02000997A8 /* CoreDataProject */,
				42388F22270FCC02000997A8 /* Products */,
			);
			sourceTree = "<group>";
		};
		42388F22270FCC02000997A8 /* Products */ = {
			isa = PBXGroup;
			children = (
				42388F21270FCC02000997A8 /* CoreDataProject.app */,
			);
			name = Products;
			sourceTree = "<group>";
		};
		42388F23270FCC02000997A8 /* CoreDataProject */ = {
			isa = PBXGroup;
			children = (
				42388F4B27167EE5000997A8 /* Candy+CoreDataClass.swift */,
				42388F4C27167EE5000997A8 /* Candy+CoreDataProperties.swift */,
				42388F4D27167EE5000997A8 /* Country+CoreDataClass.swift */,
				42388F4E27167EE5000997A8 /* Country+CoreDataProperties.swift */,
				42388F42271674AD000997A8 /* Singer+CoreDataClass.swift */,
				42388F43271674AD000997A8 /* Singer+CoreDataProperties.swift */,
				42388F39270FCFE2000997A8 /* Movie+CoreDataClass.swift */,
				42388F3A270FCFE2000997A8 /* Movie+CoreDataProperties.swift */,
				42388F24270FCC02000997A8 /* CoreDataProjectApp.swift */,
				42388F26270FCC02000997A8 /* ContentView.swift */,
				42388F47271675BD000997A8 /* FilteredListView.swift */,
				42388F28270FCC0A000997A8 /* Assets.xcassets */,
				42388F2D270FCC0A000997A8 /* Persistence.swift */,
				42388F32270FCC0A000997A8 /* Info.plist */,
				42388F2F270FCC0A000997A8 /* CoreDataProject.xcdatamodeld */,
				42388F2A270FCC0A000997A8 /* Preview Content */,
			);
			path = CoreDataProject;
			sourceTree = "<group>";
		};
		42388F2A270FCC0A000997A8 /* Preview Content */ = {
			isa = PBXGroup;
			children = (
				42388F2B270FCC0A000997A8 /* Preview Assets.xcassets */,
			);
			path = "Preview Content";
			sourceTree = "<group>";
		};
/* End PBXGroup section */

/* Begin PBXNativeTarget section */
		42388F20270FCC02000997A8 /* CoreDataProject */ = {
			isa = PBXNativeTarget;
			buildConfigurationList = 42388F35270FCC0A000997A8 /* Build configuration list for PBXNativeTarget "CoreDataProject" */;
			buildPhases = (
				42388F1D270FCC02000997A8 /* Sources */,
				42388F1E270FCC02000997A8 /* Frameworks */,
				42388F1F270FCC02000997A8 /* Resources */,
			);
			buildRules = (
			);
			dependencies = (
			);
			name = CoreDataProject;
			productName = CoreDataProject;
			productReference = 42388F21270FCC02000997A8 /* CoreDataProject.app */;
			productType = "com.apple.product-type.application";
		};
/* End PBXNativeTarget section */

/* Begin PBXProject section */
		42388F19270FCC02000997A8 /* Project object */ = {
			isa = PBXProject;
			attributes = {
				LastSwiftUpdateCheck = 1220;
				LastUpgradeCheck = 1220;
				TargetAttributes = {
					42388F20270FCC02000997A8 = {
						CreatedOnToolsVersion = 12.2;
					};
				};
			};
			buildConfigurationList = 42388F1C270FCC02000997A8 /* Build configuration list for PBXProject "CoreDataProject" */;
			compatibilityVersion = "Xcode 9.3";
			developmentRegion = en;
			hasScannedForEncodings = 0;
			knownRegions = (
				en,
				Base,
			);
			mainGroup = 42388F18270FCC02000997A8;
			productRefGroup = 42388F22270FCC02000997A8 /* Products */;
			projectDirPath = "";
			projectRoot = "";
			targets = (
				42388F20270FCC02000997A8 /* CoreDataProject */,
			);
		};
/* End PBXProject section */

/* Begin PBXResourcesBuildPhase section */
		42388F1F270FCC02000997A8 /* Resources */ = {
			isa = PBXResourcesBuildPhase;
			buildActionMask = 2147483647;
			files = (
				42388F2C270FCC0A000997A8 /* Preview Assets.xcassets in Resources */,
				42388F29270FCC0A000997A8 /* Assets.xcassets in Resources */,
			);
			runOnlyForDeploymentPostprocessing = 0;
		};
/* End PBXResourcesBuildPhase section */

/* Begin PBXSourcesBuildPhase section */
		42388F1D270FCC02000997A8 /* Sources */ = {
			isa = PBXSourcesBuildPhase;
			buildActionMask = 2147483647;
			files = (
				42388F44271674AD000997A8 /* Singer+CoreDataClass.swift in Sources */,
				42388F4F27167EE5000997A8 /* Candy+CoreDataClass.swift in Sources */,
				42388F5227167EE5000997A8 /* Country+CoreDataProperties.swift in Sources */,
				42388F5127167EE5000997A8 /* Country+CoreDataClass.swift in Sources */,
				42388F5027167EE5000997A8 /* Candy+CoreDataProperties.swift in Sources */,
				42388F2E270FCC0A000997A8 /* Persistence.swift in Sources */,
				42388F48271675BD000997A8 /* FilteredListView.swift in Sources */,
				42388F27270FCC02000997A8 /* ContentView.swift in Sources */,
				42388F31270FCC0A000997A8 /* CoreDataProject.xcdatamodeld in Sources */,
				42388F3B270FCFE2000997A8 /* Movie+CoreDataClass.swift in Sources */,
				42388F45271674AD000997A8 /* Singer+CoreDataProperties.swift in Sources */,
				42388F3C270FCFE2000997A8 /* Movie+CoreDataProperties.swift in Sources */,
				42388F25270FCC02000997A8 /* CoreDataProjectApp.swift in Sources */,
			);
			runOnlyForDeploymentPostprocessing = 0;
		};
/* End PBXSourcesBuildPhase section */

/* Begin XCBuildConfiguration section */
		42388F33270FCC0A000997A8 /* Debug */ = {
			isa = XCBuildConfiguration;
			buildSettings = {
				ALWAYS_SEARCH_USER_PATHS = NO;
				CLANG_ANALYZER_NONNULL = YES;
				CLANG_ANALYZER_NUMBER_OBJECT_CONVERSION = YES_AGGRESSIVE;
				CLANG_CXX_LANGUAGE_STANDARD = "gnu++14";
				CLANG_CXX_LIBRARY = "libc++";
				CLANG_ENABLE_MODULES = YES;
				CLANG_ENABLE_OBJC_ARC = YES;
				CLANG_ENABLE_OBJC_WEAK = YES;
				CLANG_WARN_BLOCK_CAPTURE_AUTORELEASING = YES;
				CLANG_WARN_BOOL_CONVERSION = YES;
				CLANG_WARN_COMMA = YES;
				CLANG_WARN_CONSTANT_CONVERSION = YES;
				CLANG_WARN_DEPRECATED_OBJC_IMPLEMENTATIONS = YES;
				CLANG_WARN_DIRECT_OBJC_ISA_USAGE = YES_ERROR;
				CLANG_WARN_DOCUMENTATION_COMMENTS = YES;
				CLANG_WARN_EMPTY_BODY = YES;
				CLANG_WARN_ENUM_CONVERSION = YES;
				CLANG_WARN_INFINITE_RECURSION = YES;
				CLANG_WARN_INT_CONVERSION = YES;
				CLANG_WARN_NON_LITERAL_NULL_CONVERSION = YES;
				CLANG_WARN_OBJC_IMPLICIT_RETAIN_SELF = YES;
				CLANG_WARN_OBJC_LITERAL_CONVERSION = YES;
				CLANG_WARN_OBJC_ROOT_CLASS = YES_ERROR;
				CLANG_WARN_QUOTED_INCLUDE_IN_FRAMEWORK_HEADER = YES;
				CLANG_WARN_RANGE_LOOP_ANALYSIS = YES;
				CLANG_WARN_STRICT_PROTOTYPES = YES;
				CLANG_WARN_SUSPICIOUS_MOVE = YES;
				CLANG_WARN_UNGUARDED_AVAILABILITY = YES_AGGRESSIVE;
				CLANG_WARN_UNREACHABLE_CODE = YES;
				CLANG_WARN__DUPLICATE_METHOD_MATCH = YES;
				COPY_PHASE_STRIP = NO;
				DEBUG_INFORMATION_FORMAT = dwarf;
				ENABLE_STRICT_OBJC_MSGSEND = YES;
				ENABLE_TESTABILITY = YES;
				GCC_C_LANGUAGE_STANDARD = gnu11;
				GCC_DYNAMIC_NO_PIC = NO;
				GCC_NO_COMMON_BLOCKS = YES;
				GCC_OPTIMIZATION_LEVEL = 0;
				GCC_PREPROCESSOR_DEFINITIONS = (
					"DEBUG=1",
					"$(inherited)",
				);
				GCC_WARN_64_TO_32_BIT_CONVERSION = YES;
				GCC_WARN_ABOUT_RETURN_TYPE = YES_ERROR;
				GCC_WARN_UNDECLARED_SELECTOR = YES;
				GCC_WARN_UNINITIALIZED_AUTOS = YES_AGGRESSIVE;
				GCC_WARN_UNUSED_FUNCTION = YES;
				GCC_WARN_UNUSED_VARIABLE = YES;
				IPHONEOS_DEPLOYMENT_TARGET = 14.2;
				MTL_ENABLE_DEBUG_INFO = INCLUDE_SOURCE;
				MTL_FAST_MATH = YES;
				ONLY_ACTIVE_ARCH = YES;
				SDKROOT = iphoneos;
				SWIFT_ACTIVE_COMPILATION_CONDITIONS = DEBUG;
				SWIFT_OPTIMIZATION_LEVEL = "-Onone";
			};
			name = Debug;
		};
		42388F34270FCC0A000997A8 /* Release */ = {
			isa = XCBuildConfiguration;
			buildSettings = {
				ALWAYS_SEARCH_USER_PATHS = NO;
				CLANG_ANALYZER_NONNULL = YES;
				CLANG_ANALYZER_NUMBER_OBJECT_CONVERSION = YES_AGGRESSIVE;
				CLANG_CXX_LANGUAGE_STANDARD = "gnu++14";
				CLANG_CXX_LIBRARY = "libc++";
				CLANG_ENABLE_MODULES = YES;
				CLANG_ENABLE_OBJC_ARC = YES;
				CLANG_ENABLE_OBJC_WEAK = YES;
				CLANG_WARN_BLOCK_CAPTURE_AUTORELEASING = YES;
				CLANG_WARN_BOOL_CONVERSION = YES;
				CLANG_WARN_COMMA = YES;
				CLANG_WARN_CONSTANT_CONVERSION = YES;
				CLANG_WARN_DEPRECATED_OBJC_IMPLEMENTATIONS = YES;
				CLANG_WARN_DIRECT_OBJC_ISA_USAGE = YES_ERROR;
				CLANG_WARN_DOCUMENTATION_COMMENTS = YES;
				CLANG_WARN_EMPTY_BODY = YES;
				CLANG_WARN_ENUM_CONVERSION = YES;
				CLANG_WARN_INFINITE_RECURSION = YES;
				CLANG_WARN_INT_CONVERSION = YES;
				CLANG_WARN_NON_LITERAL_NULL_CONVERSION = YES;
				CLANG_WARN_OBJC_IMPLICIT_RETAIN_SELF = YES;
				CLANG_WARN_OBJC_LITERAL_CONVERSION = YES;
				CLANG_WARN_OBJC_ROOT_CLASS = YES_ERROR;
				CLANG_WARN_QUOTED_INCLUDE_IN_FRAMEWORK_HEADER = YES;
				CLANG_WARN_RANGE_LOOP_ANALYSIS = YES;
				CLANG_WARN_STRICT_PROTOTYPES = YES;
				CLANG_WARN_SUSPICIOUS_MOVE = YES;
				CLANG_WARN_UNGUARDED_AVAILABILITY = YES_AGGRESSIVE;
				CLANG_WARN_UNREACHABLE_CODE = YES;
				CLANG_WARN__DUPLICATE_METHOD_MATCH = YES;
				COPY_PHASE_STRIP = NO;
				DEBUG_INFORMATION_FORMAT = "dwarf-with-dsym";
				ENABLE_NS_ASSERTIONS = NO;
				ENABLE_STRICT_OBJC_MSGSEND = YES;
				GCC_C_LANGUAGE_STANDARD = gnu11;
				GCC_NO_COMMON_BLOCKS = YES;
				GCC_WARN_64_TO_32_BIT_CONVERSION = YES;
				GCC_WARN_ABOUT_RETURN_TYPE = YES_ERROR;
				GCC_WARN_UNDECLARED_SELECTOR = YES;
				GCC_WARN_UNINITIALIZED_AUTOS = YES_AGGRESSIVE;
				GCC_WARN_UNUSED_FUNCTION = YES;
				GCC_WARN_UNUSED_VARIABLE = YES;
				IPHONEOS_DEPLOYMENT_TARGET = 14.2;
				MTL_ENABLE_DEBUG_INFO = NO;
				MTL_FAST_MATH = YES;
				SDKROOT = iphoneos;
				SWIFT_COMPILATION_MODE = wholemodule;
				SWIFT_OPTIMIZATION_LEVEL = "-O";
				VALIDATE_PRODUCT = YES;
			};
			name = Release;
		};
		42388F36270FCC0A000997A8 /* Debug */ = {
			isa = XCBuildConfiguration;
			buildSettings = {
				ASSETCATALOG_COMPILER_APPICON_NAME = AppIcon;
				ASSETCATALOG_COMPILER_GLOBAL_ACCENT_COLOR_NAME = AccentColor;
				CODE_SIGN_STYLE = Automatic;
				DEVELOPMENT_ASSET_PATHS = "\"CoreDataProject/Preview Content\"";
				DEVELOPMENT_TEAM = XN5F2438TH;
				ENABLE_PREVIEWS = YES;
				INFOPLIST_FILE = CoreDataProject/Info.plist;
				IPHONEOS_DEPLOYMENT_TARGET = 14.0;
				LD_RUNPATH_SEARCH_PATHS = (
					"$(inherited)",
					"@executable_path/Frameworks",
				);
				PRODUCT_BUNDLE_IDENTIFIER = netosaurio11.CoreDataProject;
				PRODUCT_NAME = "$(TARGET_NAME)";
				SWIFT_VERSION = 5.0;
				TARGETED_DEVICE_FAMILY = "1,2";
			};
			name = Debug;
		};
		42388F37270FCC0A000997A8 /* Release */ = {
			isa = XCBuildConfiguration;
			buildSettings = {
				ASSETCATALOG_COMPILER_APPICON_NAME = AppIcon;
				ASSETCATALOG_COMPILER_GLOBAL_ACCENT_COLOR_NAME = AccentColor;
				CODE_SIGN_STYLE = Automatic;
				DEVELOPMENT_ASSET_PATHS = "\"CoreDataProject/Preview Content\"";
				DEVELOPMENT_TEAM = XN5F2438TH;
				ENABLE_PREVIEWS = YES;
				INFOPLIST_FILE = CoreDataProject/Info.plist;
				IPHONEOS_DEPLOYMENT_TARGET = 14.0;
				LD_RUNPATH_SEARCH_PATHS = (
					"$(inherited)",
					"@executable_path/Frameworks",
				);
				PRODUCT_BUNDLE_IDENTIFIER = netosaurio11.CoreDataProject;
				PRODUCT_NAME = "$(TARGET_NAME)";
				SWIFT_VERSION = 5.0;
				TARGETED_DEVICE_FAMILY = "1,2";
			};
			name = Release;
		};
/* End XCBuildConfiguration section */

/* Begin XCConfigurationList section */
		42388F1C270FCC02000997A8 /* Build configuration list for PBXProject "CoreDataProject" */ = {
			isa = XCConfigurationList;
			buildConfigurations = (
				42388F33270FCC0A000997A8 /* Debug */,
				42388F34270FCC0A000997A8 /* Release */,
			);
			defaultConfigurationIsVisible = 0;
			defaultConfigurationName = Release;
		};
		42388F35270FCC0A000997A8 /* Build configuration list for PBXNativeTarget "CoreDataProject" */ = {
			isa = XCConfigurationList;
			buildConfigurations = (
				42388F36270FCC0A000997A8 /* Debug */,
				42388F37270FCC0A000997A8 /* Release */,
			);
			defaultConfigurationIsVisible = 0;
			defaultConfigurationName = Release;
		};
/* End XCConfigurationList section */

/* Begin XCVersionGroup section */
		42388F2F270FCC0A000997A8 /* CoreDataProject.xcdatamodeld */ = {
			isa = XCVersionGroup;
			children = (
				42388F30270FCC0A000997A8 /* CoreDataProject.xcdatamodel */,
			);
			currentVersion = 42388F30270FCC0A000997A8 /* CoreDataProject.xcdatamodel */;
			path = CoreDataProject.xcdatamodeld;
			sourceTree = "<group>";
			versionGroupType = wrapper.xcdatamodel;
		};
/* End XCVersionGroup section */
	};
	rootObject = 42388F19270FCC02000997A8 /* Project object */;
}
