// !$*UTF8*$!
{
	archiveVersion = 1;
	classes = {
	};
	objectVersion = 50;
	objects = {

/* Begin PBXBuildFile section */
		42388F0226F97343000997A8 /* AddBookView.swift in Sources */ = {isa = PBXBuildFile; fileRef = 42388F0126F97343000997A8 /* AddBookView.swift */; };
		42388F0626F983C0000997A8 /* RatingView.swift in Sources */ = {isa = PBXBuildFile; fileRef = 42388F0526F983C0000997A8 /* RatingView.swift */; };
		42388F0A26F987CE000997A8 /* EmojiRatingView.swift in Sources */ = {isa = PBXBuildFile; fileRef = 42388F0926F987CE000997A8 /* EmojiRatingView.swift */; };
		42388F0D26FC11D3000997A8 /* DetailView.swift in Sources */ = {isa = PBXBuildFile; fileRef = 42388F0C26FC11D3000997A8 /* DetailView.swift */; };
		4292DD5A26EAEF55006EB6FB /* BookwormApp.swift in Sources */ = {isa = PBXBuildFile; fileRef = 4292DD5926EAEF55006EB6FB /* BookwormApp.swift */; };
		4292DD5C26EAEF55006EB6FB /* ContentView.swift in Sources */ = {isa = PBXBuildFile; fileRef = 4292DD5B26EAEF55006EB6FB /* ContentView.swift */; };
		4292DD5E26EAEF5D006EB6FB /* Assets.xcassets in Resources */ = {isa = PBXBuildFile; fileRef = 4292DD5D26EAEF5D006EB6FB /* Assets.xcassets */; };
		4292DD6126EAEF5D006EB6FB /* Preview Assets.xcassets in Resources */ = {isa = PBXBuildFile; fileRef = 4292DD6026EAEF5D006EB6FB /* Preview Assets.xcassets */; };
		4292DD6326EAEF5D006EB6FB /* Persistence.swift in Sources */ = {isa = PBXBuildFile; fileRef = 4292DD6226EAEF5D006EB6FB /* Persistence.swift */; };
		4292DD6626EAEF5D006EB6FB /* Bookworm.xcdatamodeld in Sources */ = {isa = PBXBuildFile; fileRef = 4292DD6426EAEF5D006EB6FB /* Bookworm.xcdatamodeld */; };
/* End PBXBuildFile section */

/* Begin PBXFileReference section */
		42388F0126F97343000997A8 /* AddBookView.swift */ = {isa = PBXFileReference; lastKnownFileType = sourcecode.swift; path = AddBookView.swift; sourceTree = "<group>"; };
		42388F0526F983C0000997A8 /* RatingView.swift */ = {isa = PBXFileReference; lastKnownFileType = sourcecode.swift; path = RatingView.swift; sourceTree = "<group>"; };
		42388F0926F987CE000997A8 /* EmojiRatingView.swift */ = {isa = PBXFileReference; lastKnownFileType = sourcecode.swift; path = EmojiRatingView.swift; sourceTree = "<group>"; };
		42388F0C26FC11D3000997A8 /* DetailView.swift */ = {isa = PBXFileReference; lastKnownFileType = sourcecode.swift; path = DetailView.swift; sourceTree = "<group>"; };
		4292DD5626EAEF55006EB6FB /* Bookworm.app */ = {isa = PBXFileReference; explicitFileType = wrapper.application; includeInIndex = 0; path = Bookworm.app; sourceTree = BUILT_PRODUCTS_DIR; };
		4292DD5926EAEF55006EB6FB /* BookwormApp.swift */ = {isa = PBXFileReference; lastKnownFileType = sourcecode.swift; path = BookwormApp.swift; sourceTree = "<group>"; };
		4292DD5B26EAEF55006EB6FB /* ContentView.swift */ = {isa = PBXFileReference; lastKnownFileType = sourcecode.swift; path = ContentView.swift; sourceTree = "<group>"; };
		4292DD5D26EAEF5D006EB6FB /* Assets.xcassets */ = {isa = PBXFileReference; lastKnownFileType = folder.assetcatalog; path = Assets.xcassets; sourceTree = "<group>"; };
		4292DD6026EAEF5D006EB6FB /* Preview Assets.xcassets */ = {isa = PBXFileReference; lastKnownFileType = folder.assetcatalog; path = "Preview Assets.xcassets"; sourceTree = "<group>"; };
		4292DD6226EAEF5D006EB6FB /* Persistence.swift */ = {isa = PBXFileReference; lastKnownFileType = sourcecode.swift; path = Persistence.swift; sourceTree = "<group>"; };
		4292DD6526EAEF5D006EB6FB /* Bookworm.xcdatamodel */ = {isa = PBXFileReference; lastKnownFileType = wrapper.xcdatamodel; path = Bookworm.xcdatamodel; sourceTree = "<group>"; };
		4292DD6726EAEF5D006EB6FB /* Info.plist */ = {isa = PBXFileReference; lastKnownFileType = text.plist.xml; path = Info.plist; sourceTree = "<group>"; };
/* End PBXFileReference section */

/* Begin PBXFrameworksBuildPhase section */
		4292DD5326EAEF55006EB6FB /* Frameworks */ = {
			isa = PBXFrameworksBuildPhase;
			buildActionMask = 2147483647;
			files = (
			);
			runOnlyForDeploymentPostprocessing = 0;
		};
/* End PBXFrameworksBuildPhase section */

/* Begin PBXGroup section */
		4292DD4D26EAEF55006EB6FB = {
			isa = PBXGroup;
			children = (
				4292DD5826EAEF55006EB6FB /* Bookworm */,
				4292DD5726EAEF55006EB6FB /* Products */,
			);
			sourceTree = "<group>";
		};
		4292DD5726EAEF55006EB6FB /* Products */ = {
			isa = PBXGroup;
			children = (
				4292DD5626EAEF55006EB6FB /* Bookworm.app */,
			);
			name = Products;
			sourceTree = "<group>";
		};
		4292DD5826EAEF55006EB6FB /* Bookworm */ = {
			isa = PBXGroup;
			children = (
				42388F0126F97343000997A8 /* AddBookView.swift */,
				4292DD5926EAEF55006EB6FB /* BookwormApp.swift */,
				4292DD5B26EAEF55006EB6FB /* ContentView.swift */,
				42388F0C26FC11D3000997A8 /* DetailView.swift */,
				42388F0526F983C0000997A8 /* RatingView.swift */,
				4292DD5D26EAEF5D006EB6FB /* Assets.xcassets */,
				4292DD6226EAEF5D006EB6FB /* Persistence.swift */,
				4292DD6726EAEF5D006EB6FB /* Info.plist */,
				4292DD6426EAEF5D006EB6FB /* Bookworm.xcdatamodeld */,
				4292DD5F26EAEF5D006EB6FB /* Preview Content */,
				42388F0926F987CE000997A8 /* EmojiRatingView.swift */,
			);
			path = Bookworm;
			sourceTree = "<group>";
		};
		4292DD5F26EAEF5D006EB6FB /* Preview Content */ = {
			isa = PBXGroup;
			children = (
				4292DD6026EAEF5D006EB6FB /* Preview Assets.xcassets */,
			);
			path = "Preview Content";
			sourceTree = "<group>";
		};
/* End PBXGroup section */

/* Begin PBXNativeTarget section */
		4292DD5526EAEF55006EB6FB /* Bookworm */ = {
			isa = PBXNativeTarget;
			buildConfigurationList = 4292DD6A26EAEF5D006EB6FB /* Build configuration list for PBXNativeTarget "Bookworm" */;
			buildPhases = (
				4292DD5226EAEF55006EB6FB /* Sources */,
				4292DD5326EAEF55006EB6FB /* Frameworks */,
				4292DD5426EAEF55006EB6FB /* Resources */,
			);
			buildRules = (
			);
			dependencies = (
			);
			name = Bookworm;
			productName = Bookworm;
			productReference = 4292DD5626EAEF55006EB6FB /* Bookworm.app */;
			productType = "com.apple.product-type.application";
		};
/* End PBXNativeTarget section */

/* Begin PBXProject section */
		4292DD4E26EAEF55006EB6FB /* Project object */ = {
			isa = PBXProject;
			attributes = {
				LastSwiftUpdateCheck = 1220;
				LastUpgradeCheck = 1220;
				TargetAttributes = {
					4292DD5526EAEF55006EB6FB = {
						CreatedOnToolsVersion = 12.2;
					};
				};
			};
			buildConfigurationList = 4292DD5126EAEF55006EB6FB /* Build configuration list for PBXProject "Bookworm" */;
			compatibilityVersion = "Xcode 9.3";
			developmentRegion = en;
			hasScannedForEncodings = 0;
			knownRegions = (
				en,
				Base,
			);
			mainGroup = 4292DD4D26EAEF55006EB6FB;
			productRefGroup = 4292DD5726EAEF55006EB6FB /* Products */;
			projectDirPath = "";
			projectRoot = "";
			targets = (
				4292DD5526EAEF55006EB6FB /* Bookworm */,
			);
		};
/* End PBXProject section */

/* Begin PBXResourcesBuildPhase section */
		4292DD5426EAEF55006EB6FB /* Resources */ = {
			isa = PBXResourcesBuildPhase;
			buildActionMask = 2147483647;
			files = (
				4292DD6126EAEF5D006EB6FB /* Preview Assets.xcassets in Resources */,
				4292DD5E26EAEF5D006EB6FB /* Assets.xcassets in Resources */,
			);
			runOnlyForDeploymentPostprocessing = 0;
		};
/* End PBXResourcesBuildPhase section */

/* Begin PBXSourcesBuildPhase section */
		4292DD5226EAEF55006EB6FB /* Sources */ = {
			isa = PBXSourcesBuildPhase;
			buildActionMask = 2147483647;
			files = (
				4292DD6326EAEF5D006EB6FB /* Persistence.swift in Sources */,
				42388F0D26FC11D3000997A8 /* DetailView.swift in Sources */,
				4292DD6626EAEF5D006EB6FB /* Bookworm.xcdatamodeld in Sources */,
				42388F0A26F987CE000997A8 /* EmojiRatingView.swift in Sources */,
				4292DD5C26EAEF55006EB6FB /* ContentView.swift in Sources */,
				42388F0626F983C0000997A8 /* RatingView.swift in Sources */,
				4292DD5A26EAEF55006EB6FB /* BookwormApp.swift in Sources */,
				42388F0226F97343000997A8 /* AddBookView.swift in Sources */,
			);
			runOnlyForDeploymentPostprocessing = 0;
		};
/* End PBXSourcesBuildPhase section */

/* Begin XCBuildConfiguration section */
		4292DD6826EAEF5D006EB6FB /* Debug */ = {
			isa = XCBuildConfiguration;
			buildSettings = {
				ALWAYS_SEARCH_USER_PATHS = NO;
				CLANG_ANALYZER_NONNULL = YES;
				CLANG_ANALYZER_NUMBER_OBJECT_CONVERSION = YES_AGGRESSIVE;
				CLANG_CXX_LANGUAGE_STANDARD = "gnu++14";
				CLANG_CXX_LIBRARY = "libc++";
				CLANG_ENABLE_MODULES = YES;
				CLANG_ENABLE_OBJC_ARC = YES;
				CLANG_ENABLE_OBJC_WEAK = YES;
				CLANG_WARN_BLOCK_CAPTURE_AUTORELEASING = YES;
				CLANG_WARN_BOOL_CONVERSION = YES;
				CLANG_WARN_COMMA = YES;
				CLANG_WARN_CONSTANT_CONVERSION = YES;
				CLANG_WARN_DEPRECATED_OBJC_IMPLEMENTATIONS = YES;
				CLANG_WARN_DIRECT_OBJC_ISA_USAGE = YES_ERROR;
				CLANG_WARN_DOCUMENTATION_COMMENTS = YES;
				CLANG_WARN_EMPTY_BODY = YES;
				CLANG_WARN_ENUM_CONVERSION = YES;
				CLANG_WARN_INFINITE_RECURSION = YES;
				CLANG_WARN_INT_CONVERSION = YES;
				CLANG_WARN_NON_LITERAL_NULL_CONVERSION = YES;
				CLANG_WARN_OBJC_IMPLICIT_RETAIN_SELF = YES;
				CLANG_WARN_OBJC_LITERAL_CONVERSION = YES;
				CLANG_WARN_OBJC_ROOT_CLASS = YES_ERROR;
				CLANG_WARN_QUOTED_INCLUDE_IN_FRAMEWORK_HEADER = YES;
				CLANG_WARN_RANGE_LOOP_ANALYSIS = YES;
				CLANG_WARN_STRICT_PROTOTYPES = YES;
				CLANG_WARN_SUSPICIOUS_MOVE = YES;
				CLANG_WARN_UNGUARDED_AVAILABILITY = YES_AGGRESSIVE;
				CLANG_WARN_UNREACHABLE_CODE = YES;
				CLANG_WARN__DUPLICATE_METHOD_MATCH = YES;
				COPY_PHASE_STRIP = NO;
				DEBUG_INFORMATION_FORMAT = dwarf;
				ENABLE_STRICT_OBJC_MSGSEND = YES;
				ENABLE_TESTABILITY = YES;
				GCC_C_LANGUAGE_STANDARD = gnu11;
				GCC_DYNAMIC_NO_PIC = NO;
				GCC_NO_COMMON_BLOCKS = YES;
				GCC_OPTIMIZATION_LEVEL = 0;
				GCC_PREPROCESSOR_DEFINITIONS = (
					"DEBUG=1",
					"$(inherited)",
				);
				GCC_WARN_64_TO_32_BIT_CONVERSION = YES;
				GCC_WARN_ABOUT_RETURN_TYPE = YES_ERROR;
				GCC_WARN_UNDECLARED_SELECTOR = YES;
				GCC_WARN_UNINITIALIZED_AUTOS = YES_AGGRESSIVE;
				GCC_WARN_UNUSED_FUNCTION = YES;
				GCC_WARN_UNUSED_VARIABLE = YES;
				IPHONEOS_DEPLOYMENT_TARGET = 14.2;
				MTL_ENABLE_DEBUG_INFO = INCLUDE_SOURCE;
				MTL_FAST_MATH = YES;
				ONLY_ACTIVE_ARCH = YES;
				SDKROOT = iphoneos;
				SWIFT_ACTIVE_COMPILATION_CONDITIONS = DEBUG;
				SWIFT_OPTIMIZATION_LEVEL = "-Onone";
			};
			name = Debug;
		};
		4292DD6926EAEF5D006EB6FB /* Release */ = {
			isa = XCBuildConfiguration;
			buildSettings = {
				ALWAYS_SEARCH_USER_PATHS = NO;
				CLANG_ANALYZER_NONNULL = YES;
				CLANG_ANALYZER_NUMBER_OBJECT_CONVERSION = YES_AGGRESSIVE;
				CLANG_CXX_LANGUAGE_STANDARD = "gnu++14";
				CLANG_CXX_LIBRARY = "libc++";
				CLANG_ENABLE_MODULES = YES;
				CLANG_ENABLE_OBJC_ARC = YES;
				CLANG_ENABLE_OBJC_WEAK = YES;
				CLANG_WARN_BLOCK_CAPTURE_AUTORELEASING = YES;
				CLANG_WARN_BOOL_CONVERSION = YES;
				CLANG_WARN_COMMA = YES;
				CLANG_WARN_CONSTANT_CONVERSION = YES;
				CLANG_WARN_DEPRECATED_OBJC_IMPLEMENTATIONS = YES;
				CLANG_WARN_DIRECT_OBJC_ISA_USAGE = YES_ERROR;
				CLANG_WARN_DOCUMENTATION_COMMENTS = YES;
				CLANG_WARN_EMPTY_BODY = YES;
				CLANG_WARN_ENUM_CONVERSION = YES;
				CLANG_WARN_INFINITE_RECURSION = YES;
				CLANG_WARN_INT_CONVERSION = YES;
				CLANG_WARN_NON_LITERAL_NULL_CONVERSION = YES;
				CLANG_WARN_OBJC_IMPLICIT_RETAIN_SELF = YES;
				CLANG_WARN_OBJC_LITERAL_CONVERSION = YES;
				CLANG_WARN_OBJC_ROOT_CLASS = YES_ERROR;
				CLANG_WARN_QUOTED_INCLUDE_IN_FRAMEWORK_HEADER = YES;
				CLANG_WARN_RANGE_LOOP_ANALYSIS = YES;
				CLANG_WARN_STRICT_PROTOTYPES = YES;
				CLANG_WARN_SUSPICIOUS_MOVE = YES;
				CLANG_WARN_UNGUARDED_AVAILABILITY = YES_AGGRESSIVE;
				CLANG_WARN_UNREACHABLE_CODE = YES;
				CLANG_WARN__DUPLICATE_METHOD_MATCH = YES;
				COPY_PHASE_STRIP = NO;
				DEBUG_INFORMATION_FORMAT = "dwarf-with-dsym";
				ENABLE_NS_ASSERTIONS = NO;
				ENABLE_STRICT_OBJC_MSGSEND = YES;
				GCC_C_LANGUAGE_STANDARD = gnu11;
				GCC_NO_COMMON_BLOCKS = YES;
				GCC_WARN_64_TO_32_BIT_CONVERSION = YES;
				GCC_WARN_ABOUT_RETURN_TYPE = YES_ERROR;
				GCC_WARN_UNDECLARED_SELECTOR = YES;
				GCC_WARN_UNINITIALIZED_AUTOS = YES_AGGRESSIVE;
				GCC_WARN_UNUSED_FUNCTION = YES;
				GCC_WARN_UNUSED_VARIABLE = YES;
				IPHONEOS_DEPLOYMENT_TARGET = 14.2;
				MTL_ENABLE_DEBUG_INFO = NO;
				MTL_FAST_MATH = YES;
				SDKROOT = iphoneos;
				SWIFT_COMPILATION_MODE = wholemodule;
				SWIFT_OPTIMIZATION_LEVEL = "-O";
				VALIDATE_PRODUCT = YES;
			};
			name = Release;
		};
		4292DD6B26EAEF5D006EB6FB /* Debug */ = {
			isa = XCBuildConfiguration;
			buildSettings = {
				ASSETCATALOG_COMPILER_APPICON_NAME = AppIcon;
				ASSETCATALOG_COMPILER_GLOBAL_ACCENT_COLOR_NAME = AccentColor;
				CODE_SIGN_STYLE = Automatic;
				DEVELOPMENT_ASSET_PATHS = "\"Bookworm/Preview Content\"";
				DEVELOPMENT_TEAM = XN5F2438TH;
				ENABLE_PREVIEWS = YES;
				INFOPLIST_FILE = Bookworm/Info.plist;
				IPHONEOS_DEPLOYMENT_TARGET = 14.0;
				LD_RUNPATH_SEARCH_PATHS = (
					"$(inherited)",
					"@executable_path/Frameworks",
				);
				PRODUCT_BUNDLE_IDENTIFIER = netosaurio11.Bookworm;
				PRODUCT_NAME = "$(TARGET_NAME)";
				SWIFT_VERSION = 5.0;
				TARGETED_DEVICE_FAMILY = "1,2";
			};
			name = Debug;
		};
		4292DD6C26EAEF5D006EB6FB /* Release */ = {
			isa = XCBuildConfiguration;
			buildSettings = {
				ASSETCATALOG_COMPILER_APPICON_NAME = AppIcon;
				ASSETCATALOG_COMPILER_GLOBAL_ACCENT_COLOR_NAME = AccentColor;
				CODE_SIGN_STYLE = Automatic;
				DEVELOPMENT_ASSET_PATHS = "\"Bookworm/Preview Content\"";
				DEVELOPMENT_TEAM = XN5F2438TH;
				ENABLE_PREVIEWS = YES;
				INFOPLIST_FILE = Bookworm/Info.plist;
				IPHONEOS_DEPLOYMENT_TARGET = 14.0;
				LD_RUNPATH_SEARCH_PATHS = (
					"$(inherited)",
					"@executable_path/Frameworks",
				);
				PRODUCT_BUNDLE_IDENTIFIER = netosaurio11.Bookworm;
				PRODUCT_NAME = "$(TARGET_NAME)";
				SWIFT_VERSION = 5.0;
				TARGETED_DEVICE_FAMILY = "1,2";
			};
			name = Release;
		};
/* End XCBuildConfiguration section */

/* Begin XCConfigurationList section */
		4292DD5126EAEF55006EB6FB /* Build configuration list for PBXProject "Bookworm" */ = {
			isa = XCConfigurationList;
			buildConfigurations = (
				4292DD6826EAEF5D006EB6FB /* Debug */,
				4292DD6926EAEF5D006EB6FB /* Release */,
			);
			defaultConfigurationIsVisible = 0;
			defaultConfigurationName = Release;
		};
		4292DD6A26EAEF5D006EB6FB /* Build configuration list for PBXNativeTarget "Bookworm" */ = {
			isa = XCConfigurationList;
			buildConfigurations = (
				4292DD6B26EAEF5D006EB6FB /* Debug */,
				4292DD6C26EAEF5D006EB6FB /* Release */,
			);
			defaultConfigurationIsVisible = 0;
			defaultConfigurationName = Release;
		};
/* End XCConfigurationList section */

/* Begin XCVersionGroup section */
		4292DD6426EAEF5D006EB6FB /* Bookworm.xcdatamodeld */ = {
			isa = XCVersionGroup;
			children = (
				4292DD6526EAEF5D006EB6FB /* Bookworm.xcdatamodel */,
			);
			currentVersion = 4292DD6526EAEF5D006EB6FB /* Bookworm.xcdatamodel */;
			path = Bookworm.xcdatamodeld;
			sourceTree = "<group>";
			versionGroupType = wrapper.xcdatamodel;
		};
/* End XCVersionGroup section */
	};
	rootObject = 4292DD4E26EAEF55006EB6FB /* Project object */;
}
