// !$*UTF8*$!
{
	archiveVersion = 1;
	classes = {
	};
	objectVersion = 50;
	objects = {

/* Begin PBXBuildFile section */
		4288A83C2743412100D5A265 /* FriendAppApp.swift in Sources */ = {isa = PBXBuildFile; fileRef = 4288A83B2743412100D5A265 /* FriendAppApp.swift */; };
		4288A83E2743412100D5A265 /* UsersListView.swift in Sources */ = {isa = PBXBuildFile; fileRef = 4288A83D2743412100D5A265 /* UsersListView.swift */; };
		4288A8402743412800D5A265 /* Assets.xcassets in Resources */ = {isa = PBXBuildFile; fileRef = 4288A83F2743412800D5A265 /* Assets.xcassets */; };
		4288A8432743412800D5A265 /* Preview Assets.xcassets in Resources */ = {isa = PBXBuildFile; fileRef = 4288A8422743412800D5A265 /* Preview Assets.xcassets */; };
		4288A84D274341E300D5A265 /* User.swift in Sources */ = {isa = PBXBuildFile; fileRef = 4288A84C274341E300D5A265 /* User.swift */; };
		4288A8512743425A00D5A265 /* Friend.swift in Sources */ = {isa = PBXBuildFile; fileRef = 4288A8502743425A00D5A265 /* Friend.swift */; };
		42ACC557274C81510006CA8E /* ItemUserView.swift in Sources */ = {isa = PBXBuildFile; fileRef = 42ACC556274C81510006CA8E /* ItemUserView.swift */; };
		42ACC55D274F245E0006CA8E /* DetailFriendView.swift in Sources */ = {isa = PBXBuildFile; fileRef = 42ACC55C274F245E0006CA8E /* DetailFriendView.swift */; };
		42BBF734275853280039C5B0 /* UserData.xcdatamodeld in Sources */ = {isa = PBXBuildFile; fileRef = 42BBF732275853280039C5B0 /* UserData.xcdatamodeld */; };
		42BBF738275854580039C5B0 /* UserDataManager.swift in Sources */ = {isa = PBXBuildFile; fileRef = 42BBF737275854580039C5B0 /* UserDataManager.swift */; };
		42BBF74A2762EC7A0039C5B0 /* FriendDBO+CoreDataClass.swift in Sources */ = {isa = PBXBuildFile; fileRef = 42BBF7462762EC7A0039C5B0 /* FriendDBO+CoreDataClass.swift */; };
		42BBF74B2762EC7A0039C5B0 /* FriendDBO+CoreDataProperties.swift in Sources */ = {isa = PBXBuildFile; fileRef = 42BBF7472762EC7A0039C5B0 /* FriendDBO+CoreDataProperties.swift */; };
		42BBF74C2762EC7A0039C5B0 /* UserDBO+CoreDataClass.swift in Sources */ = {isa = PBXBuildFile; fileRef = 42BBF7482762EC7A0039C5B0 /* UserDBO+CoreDataClass.swift */; };
		42BBF74D2762EC7A0039C5B0 /* UserDBO+CoreDataProperties.swift in Sources */ = {isa = PBXBuildFile; fileRef = 42BBF7492762EC7A0039C5B0 /* UserDBO+CoreDataProperties.swift */; };
/* End PBXBuildFile section */

/* Begin PBXFileReference section */
		4288A8382743412000D5A265 /* FriendApp.app */ = {isa = PBXFileReference; explicitFileType = wrapper.application; includeInIndex = 0; path = FriendApp.app; sourceTree = BUILT_PRODUCTS_DIR; };
		4288A83B2743412100D5A265 /* FriendAppApp.swift */ = {isa = PBXFileReference; lastKnownFileType = sourcecode.swift; path = FriendAppApp.swift; sourceTree = "<group>"; };
		4288A83D2743412100D5A265 /* UsersListView.swift */ = {isa = PBXFileReference; lastKnownFileType = sourcecode.swift; path = UsersListView.swift; sourceTree = "<group>"; };
		4288A83F2743412800D5A265 /* Assets.xcassets */ = {isa = PBXFileReference; lastKnownFileType = folder.assetcatalog; path = Assets.xcassets; sourceTree = "<group>"; };
		4288A8422743412800D5A265 /* Preview Assets.xcassets */ = {isa = PBXFileReference; lastKnownFileType = folder.assetcatalog; path = "Preview Assets.xcassets"; sourceTree = "<group>"; };
		4288A8442743412800D5A265 /* Info.plist */ = {isa = PBXFileReference; lastKnownFileType = text.plist.xml; path = Info.plist; sourceTree = "<group>"; };
		4288A84C274341E300D5A265 /* User.swift */ = {isa = PBXFileReference; lastKnownFileType = sourcecode.swift; path = User.swift; sourceTree = "<group>"; };
		4288A8502743425A00D5A265 /* Friend.swift */ = {isa = PBXFileReference; lastKnownFileType = sourcecode.swift; path = Friend.swift; sourceTree = "<group>"; };
		42ACC556274C81510006CA8E /* ItemUserView.swift */ = {isa = PBXFileReference; lastKnownFileType = sourcecode.swift; path = ItemUserView.swift; sourceTree = "<group>"; };
		42ACC55C274F245E0006CA8E /* DetailFriendView.swift */ = {isa = PBXFileReference; lastKnownFileType = sourcecode.swift; path = DetailFriendView.swift; sourceTree = "<group>"; };
		42BBF733275853280039C5B0 /* User.xcdatamodel */ = {isa = PBXFileReference; lastKnownFileType = wrapper.xcdatamodel; path = User.xcdatamodel; sourceTree = "<group>"; };
		42BBF737275854580039C5B0 /* UserDataManager.swift */ = {isa = PBXFileReference; lastKnownFileType = sourcecode.swift; path = UserDataManager.swift; sourceTree = "<group>"; };
		42BBF7462762EC7A0039C5B0 /* FriendDBO+CoreDataClass.swift */ = {isa = PBXFileReference; lastKnownFileType = sourcecode.swift; name = "FriendDBO+CoreDataClass.swift"; path = "FriendApp/FriendDBO+CoreDataClass.swift"; sourceTree = SOURCE_ROOT; };
		42BBF7472762EC7A0039C5B0 /* FriendDBO+CoreDataProperties.swift */ = {isa = PBXFileReference; lastKnownFileType = sourcecode.swift; name = "FriendDBO+CoreDataProperties.swift"; path = "FriendApp/FriendDBO+CoreDataProperties.swift"; sourceTree = SOURCE_ROOT; };
		42BBF7482762EC7A0039C5B0 /* UserDBO+CoreDataClass.swift */ = {isa = PBXFileReference; lastKnownFileType = sourcecode.swift; name = "UserDBO+CoreDataClass.swift"; path = "FriendApp/UserDBO+CoreDataClass.swift"; sourceTree = SOURCE_ROOT; };
		42BBF7492762EC7A0039C5B0 /* UserDBO+CoreDataProperties.swift */ = {isa = PBXFileReference; lastKnownFileType = sourcecode.swift; name = "UserDBO+CoreDataProperties.swift"; path = "FriendApp/UserDBO+CoreDataProperties.swift"; sourceTree = SOURCE_ROOT; };
/* End PBXFileReference section */

/* Begin PBXFrameworksBuildPhase section */
		4288A8352743412000D5A265 /* Frameworks */ = {
			isa = PBXFrameworksBuildPhase;
			buildActionMask = 2147483647;
			files = (
			);
			runOnlyForDeploymentPostprocessing = 0;
		};
/* End PBXFrameworksBuildPhase section */

/* Begin PBXGroup section */
		4288A82F2743412000D5A265 = {
			isa = PBXGroup;
			children = (
				4288A83A2743412000D5A265 /* FriendApp */,
				4288A8392743412000D5A265 /* Products */,
			);
			sourceTree = "<group>";
		};
		4288A8392743412000D5A265 /* Products */ = {
			isa = PBXGroup;
			children = (
				4288A8382743412000D5A265 /* FriendApp.app */,
			);
			name = Products;
			sourceTree = "<group>";
		};
		4288A83A2743412000D5A265 /* FriendApp */ = {
			isa = PBXGroup;
			children = (
				42BBF736275854390039C5B0 /* Data */,
				42ACC554274C81130006CA8E /* View */,
				4288A84B2743419D00D5A265 /* Models */,
				4288A83B2743412100D5A265 /* FriendAppApp.swift */,
				4288A83F2743412800D5A265 /* Assets.xcassets */,
				4288A8442743412800D5A265 /* Info.plist */,
				4288A8412743412800D5A265 /* Preview Content */,
			);
			path = FriendApp;
			sourceTree = "<group>";
		};
		4288A8412743412800D5A265 /* Preview Content */ = {
			isa = PBXGroup;
			children = (
				4288A8422743412800D5A265 /* Preview Assets.xcassets */,
			);
			path = "Preview Content";
			sourceTree = "<group>";
		};
		4288A84B2743419D00D5A265 /* Models */ = {
			isa = PBXGroup;
			children = (
				4288A84C274341E300D5A265 /* User.swift */,
				4288A8502743425A00D5A265 /* Friend.swift */,
				42BBF732275853280039C5B0 /* UserData.xcdatamodeld */,
			);
			name = Models;
			sourceTree = "<group>";
		};
		42ACC554274C81130006CA8E /* View */ = {
			isa = PBXGroup;
			children = (
				4288A83D2743412100D5A265 /* UsersListView.swift */,
				42ACC556274C81510006CA8E /* ItemUserView.swift */,
				42ACC55C274F245E0006CA8E /* DetailFriendView.swift */,
			);
			name = View;
			sourceTree = "<group>";
		};
		42BBF736275854390039C5B0 /* Data */ = {
			isa = PBXGroup;
			children = (
				42BBF7462762EC7A0039C5B0 /* FriendDBO+CoreDataClass.swift */,
				42BBF7472762EC7A0039C5B0 /* FriendDBO+CoreDataProperties.swift */,
				42BBF7482762EC7A0039C5B0 /* UserDBO+CoreDataClass.swift */,
				42BBF7492762EC7A0039C5B0 /* UserDBO+CoreDataProperties.swift */,
				42BBF737275854580039C5B0 /* UserDataManager.swift */,
			);
			path = Data;
			sourceTree = "<group>";
		};
/* End PBXGroup section */

/* Begin PBXNativeTarget section */
		4288A8372743412000D5A265 /* FriendApp */ = {
			isa = PBXNativeTarget;
			buildConfigurationList = 4288A8472743412800D5A265 /* Build configuration list for PBXNativeTarget "FriendApp" */;
			buildPhases = (
				4288A8342743412000D5A265 /* Sources */,
				4288A8352743412000D5A265 /* Frameworks */,
				4288A8362743412000D5A265 /* Resources */,
			);
			buildRules = (
			);
			dependencies = (
			);
			name = FriendApp;
			productName = FriendApp;
			productReference = 4288A8382743412000D5A265 /* FriendApp.app */;
			productType = "com.apple.product-type.application";
		};
/* End PBXNativeTarget section */

/* Begin PBXProject section */
		4288A8302743412000D5A265 /* Project object */ = {
			isa = PBXProject;
			attributes = {
				LastSwiftUpdateCheck = 1220;
				LastUpgradeCheck = 1220;
				TargetAttributes = {
					4288A8372743412000D5A265 = {
						CreatedOnToolsVersion = 12.2;
					};
				};
			};
			buildConfigurationList = 4288A8332743412000D5A265 /* Build configuration list for PBXProject "FriendApp" */;
			compatibilityVersion = "Xcode 9.3";
			developmentRegion = en;
			hasScannedForEncodings = 0;
			knownRegions = (
				en,
				Base,
			);
			mainGroup = 4288A82F2743412000D5A265;
			productRefGroup = 4288A8392743412000D5A265 /* Products */;
			projectDirPath = "";
			projectRoot = "";
			targets = (
				4288A8372743412000D5A265 /* FriendApp */,
			);
		};
/* End PBXProject section */

/* Begin PBXResourcesBuildPhase section */
		4288A8362743412000D5A265 /* Resources */ = {
			isa = PBXResourcesBuildPhase;
			buildActionMask = 2147483647;
			files = (
				4288A8432743412800D5A265 /* Preview Assets.xcassets in Resources */,
				4288A8402743412800D5A265 /* Assets.xcassets in Resources */,
			);
			runOnlyForDeploymentPostprocessing = 0;
		};
/* End PBXResourcesBuildPhase section */

/* Begin PBXSourcesBuildPhase section */
		4288A8342743412000D5A265 /* Sources */ = {
			isa = PBXSourcesBuildPhase;
			buildActionMask = 2147483647;
			files = (
				4288A83E2743412100D5A265 /* UsersListView.swift in Sources */,
				42ACC55D274F245E0006CA8E /* DetailFriendView.swift in Sources */,
				42BBF74A2762EC7A0039C5B0 /* FriendDBO+CoreDataClass.swift in Sources */,
				4288A83C2743412100D5A265 /* FriendAppApp.swift in Sources */,
				42BBF74D2762EC7A0039C5B0 /* UserDBO+CoreDataProperties.swift in Sources */,
				42ACC557274C81510006CA8E /* ItemUserView.swift in Sources */,
				42BBF74B2762EC7A0039C5B0 /* FriendDBO+CoreDataProperties.swift in Sources */,
				42BBF74C2762EC7A0039C5B0 /* UserDBO+CoreDataClass.swift in Sources */,
				42BBF738275854580039C5B0 /* UserDataManager.swift in Sources */,
				42BBF734275853280039C5B0 /* UserData.xcdatamodeld in Sources */,
				4288A84D274341E300D5A265 /* User.swift in Sources */,
				4288A8512743425A00D5A265 /* Friend.swift in Sources */,
			);
			runOnlyForDeploymentPostprocessing = 0;
		};
/* End PBXSourcesBuildPhase section */

/* Begin XCBuildConfiguration section */
		4288A8452743412800D5A265 /* Debug */ = {
			isa = XCBuildConfiguration;
			buildSettings = {
				ALWAYS_SEARCH_USER_PATHS = NO;
				CLANG_ANALYZER_NONNULL = YES;
				CLANG_ANALYZER_NUMBER_OBJECT_CONVERSION = YES_AGGRESSIVE;
				CLANG_CXX_LANGUAGE_STANDARD = "gnu++14";
				CLANG_CXX_LIBRARY = "libc++";
				CLANG_ENABLE_MODULES = YES;
				CLANG_ENABLE_OBJC_ARC = YES;
				CLANG_ENABLE_OBJC_WEAK = YES;
				CLANG_WARN_BLOCK_CAPTURE_AUTORELEASING = YES;
				CLANG_WARN_BOOL_CONVERSION = YES;
				CLANG_WARN_COMMA = YES;
				CLANG_WARN_CONSTANT_CONVERSION = YES;
				CLANG_WARN_DEPRECATED_OBJC_IMPLEMENTATIONS = YES;
				CLANG_WARN_DIRECT_OBJC_ISA_USAGE = YES_ERROR;
				CLANG_WARN_DOCUMENTATION_COMMENTS = YES;
				CLANG_WARN_EMPTY_BODY = YES;
				CLANG_WARN_ENUM_CONVERSION = YES;
				CLANG_WARN_INFINITE_RECURSION = YES;
				CLANG_WARN_INT_CONVERSION = YES;
				CLANG_WARN_NON_LITERAL_NULL_CONVERSION = YES;
				CLANG_WARN_OBJC_IMPLICIT_RETAIN_SELF = YES;
				CLANG_WARN_OBJC_LITERAL_CONVERSION = YES;
				CLANG_WARN_OBJC_ROOT_CLASS = YES_ERROR;
				CLANG_WARN_QUOTED_INCLUDE_IN_FRAMEWORK_HEADER = YES;
				CLANG_WARN_RANGE_LOOP_ANALYSIS = YES;
				CLANG_WARN_STRICT_PROTOTYPES = YES;
				CLANG_WARN_SUSPICIOUS_MOVE = YES;
				CLANG_WARN_UNGUARDED_AVAILABILITY = YES_AGGRESSIVE;
				CLANG_WARN_UNREACHABLE_CODE = YES;
				CLANG_WARN__DUPLICATE_METHOD_MATCH = YES;
				COPY_PHASE_STRIP = NO;
				DEBUG_INFORMATION_FORMAT = dwarf;
				ENABLE_STRICT_OBJC_MSGSEND = YES;
				ENABLE_TESTABILITY = YES;
				GCC_C_LANGUAGE_STANDARD = gnu11;
				GCC_DYNAMIC_NO_PIC = NO;
				GCC_NO_COMMON_BLOCKS = YES;
				GCC_OPTIMIZATION_LEVEL = 0;
				GCC_PREPROCESSOR_DEFINITIONS = (
					"DEBUG=1",
					"$(inherited)",
				);
				GCC_WARN_64_TO_32_BIT_CONVERSION = YES;
				GCC_WARN_ABOUT_RETURN_TYPE = YES_ERROR;
				GCC_WARN_UNDECLARED_SELECTOR = YES;
				GCC_WARN_UNINITIALIZED_AUTOS = YES_AGGRESSIVE;
				GCC_WARN_UNUSED_FUNCTION = YES;
				GCC_WARN_UNUSED_VARIABLE = YES;
				IPHONEOS_DEPLOYMENT_TARGET = 14.2;
				MTL_ENABLE_DEBUG_INFO = INCLUDE_SOURCE;
				MTL_FAST_MATH = YES;
				ONLY_ACTIVE_ARCH = YES;
				SDKROOT = iphoneos;
				SWIFT_ACTIVE_COMPILATION_CONDITIONS = DEBUG;
				SWIFT_OPTIMIZATION_LEVEL = "-Onone";
			};
			name = Debug;
		};
		4288A8462743412800D5A265 /* Release */ = {
			isa = XCBuildConfiguration;
			buildSettings = {
				ALWAYS_SEARCH_USER_PATHS = NO;
				CLANG_ANALYZER_NONNULL = YES;
				CLANG_ANALYZER_NUMBER_OBJECT_CONVERSION = YES_AGGRESSIVE;
				CLANG_CXX_LANGUAGE_STANDARD = "gnu++14";
				CLANG_CXX_LIBRARY = "libc++";
				CLANG_ENABLE_MODULES = YES;
				CLANG_ENABLE_OBJC_ARC = YES;
				CLANG_ENABLE_OBJC_WEAK = YES;
				CLANG_WARN_BLOCK_CAPTURE_AUTORELEASING = YES;
				CLANG_WARN_BOOL_CONVERSION = YES;
				CLANG_WARN_COMMA = YES;
				CLANG_WARN_CONSTANT_CONVERSION = YES;
				CLANG_WARN_DEPRECATED_OBJC_IMPLEMENTATIONS = YES;
				CLANG_WARN_DIRECT_OBJC_ISA_USAGE = YES_ERROR;
				CLANG_WARN_DOCUMENTATION_COMMENTS = YES;
				CLANG_WARN_EMPTY_BODY = YES;
				CLANG_WARN_ENUM_CONVERSION = YES;
				CLANG_WARN_INFINITE_RECURSION = YES;
				CLANG_WARN_INT_CONVERSION = YES;
				CLANG_WARN_NON_LITERAL_NULL_CONVERSION = YES;
				CLANG_WARN_OBJC_IMPLICIT_RETAIN_SELF = YES;
				CLANG_WARN_OBJC_LITERAL_CONVERSION = YES;
				CLANG_WARN_OBJC_ROOT_CLASS = YES_ERROR;
				CLANG_WARN_QUOTED_INCLUDE_IN_FRAMEWORK_HEADER = YES;
				CLANG_WARN_RANGE_LOOP_ANALYSIS = YES;
				CLANG_WARN_STRICT_PROTOTYPES = YES;
				CLANG_WARN_SUSPICIOUS_MOVE = YES;
				CLANG_WARN_UNGUARDED_AVAILABILITY = YES_AGGRESSIVE;
				CLANG_WARN_UNREACHABLE_CODE = YES;
				CLANG_WARN__DUPLICATE_METHOD_MATCH = YES;
				COPY_PHASE_STRIP = NO;
				DEBUG_INFORMATION_FORMAT = "dwarf-with-dsym";
				ENABLE_NS_ASSERTIONS = NO;
				ENABLE_STRICT_OBJC_MSGSEND = YES;
				GCC_C_LANGUAGE_STANDARD = gnu11;
				GCC_NO_COMMON_BLOCKS = YES;
				GCC_WARN_64_TO_32_BIT_CONVERSION = YES;
				GCC_WARN_ABOUT_RETURN_TYPE = YES_ERROR;
				GCC_WARN_UNDECLARED_SELECTOR = YES;
				GCC_WARN_UNINITIALIZED_AUTOS = YES_AGGRESSIVE;
				GCC_WARN_UNUSED_FUNCTION = YES;
				GCC_WARN_UNUSED_VARIABLE = YES;
				IPHONEOS_DEPLOYMENT_TARGET = 14.2;
				MTL_ENABLE_DEBUG_INFO = NO;
				MTL_FAST_MATH = YES;
				SDKROOT = iphoneos;
				SWIFT_COMPILATION_MODE = wholemodule;
				SWIFT_OPTIMIZATION_LEVEL = "-O";
				VALIDATE_PRODUCT = YES;
			};
			name = Release;
		};
		4288A8482743412800D5A265 /* Debug */ = {
			isa = XCBuildConfiguration;
			buildSettings = {
				ASSETCATALOG_COMPILER_APPICON_NAME = AppIcon;
				ASSETCATALOG_COMPILER_GLOBAL_ACCENT_COLOR_NAME = AccentColor;
				CODE_SIGN_STYLE = Automatic;
				DEVELOPMENT_ASSET_PATHS = "\"FriendApp/Preview Content\"";
				DEVELOPMENT_TEAM = XN5F2438TH;
				ENABLE_PREVIEWS = YES;
				INFOPLIST_FILE = FriendApp/Info.plist;
				IPHONEOS_DEPLOYMENT_TARGET = 14.0;
				LD_RUNPATH_SEARCH_PATHS = (
					"$(inherited)",
					"@executable_path/Frameworks",
				);
				PRODUCT_BUNDLE_IDENTIFIER = netosaurio11.FriendApp;
				PRODUCT_NAME = "$(TARGET_NAME)";
				SWIFT_VERSION = 5.0;
				TARGETED_DEVICE_FAMILY = "1,2";
			};
			name = Debug;
		};
		4288A8492743412800D5A265 /* Release */ = {
			isa = XCBuildConfiguration;
			buildSettings = {
				ASSETCATALOG_COMPILER_APPICON_NAME = AppIcon;
				ASSETCATALOG_COMPILER_GLOBAL_ACCENT_COLOR_NAME = AccentColor;
				CODE_SIGN_STYLE = Automatic;
				DEVELOPMENT_ASSET_PATHS = "\"FriendApp/Preview Content\"";
				DEVELOPMENT_TEAM = XN5F2438TH;
				ENABLE_PREVIEWS = YES;
				INFOPLIST_FILE = FriendApp/Info.plist;
				IPHONEOS_DEPLOYMENT_TARGET = 14.0;
				LD_RUNPATH_SEARCH_PATHS = (
					"$(inherited)",
					"@executable_path/Frameworks",
				);
				PRODUCT_BUNDLE_IDENTIFIER = netosaurio11.FriendApp;
				PRODUCT_NAME = "$(TARGET_NAME)";
				SWIFT_VERSION = 5.0;
				TARGETED_DEVICE_FAMILY = "1,2";
			};
			name = Release;
		};
/* End XCBuildConfiguration section */

/* Begin XCConfigurationList section */
		4288A8332743412000D5A265 /* Build configuration list for PBXProject "FriendApp" */ = {
			isa = XCConfigurationList;
			buildConfigurations = (
				4288A8452743412800D5A265 /* Debug */,
				4288A8462743412800D5A265 /* Release */,
			);
			defaultConfigurationIsVisible = 0;
			defaultConfigurationName = Release;
		};
		4288A8472743412800D5A265 /* Build configuration list for PBXNativeTarget "FriendApp" */ = {
			isa = XCConfigurationList;
			buildConfigurations = (
				4288A8482743412800D5A265 /* Debug */,
				4288A8492743412800D5A265 /* Release */,
			);
			defaultConfigurationIsVisible = 0;
			defaultConfigurationName = Release;
		};
/* End XCConfigurationList section */

/* Begin XCVersionGroup section */
		42BBF732275853280039C5B0 /* UserData.xcdatamodeld */ = {
			isa = XCVersionGroup;
			children = (
				42BBF733275853280039C5B0 /* User.xcdatamodel */,
			);
			currentVersion = 42BBF733275853280039C5B0 /* User.xcdatamodel */;
			path = UserData.xcdatamodeld;
			sourceTree = "<group>";
			versionGroupType = wrapper.xcdatamodel;
		};
/* End XCVersionGroup section */
	};
	rootObject = 4288A8302743412000D5A265 /* Project object */;
}
